
Microsoft Visual Studio Solution File, Format Version 12.00
# Visual Studio Version 16
VisualStudioVersion = 16.0.29424.173
MinimumVisualStudioVersion = 10.0.40219.1
Project("{9A19103F-16F7-4668-BE54-9A1E7A4F7556}") = "StudentExercises", "StudentExercisesAPI\StudentExercises.csproj", "{88D8B7AC-02B7-444A-8CCB-1AF6BA0025BE}"
EndProject
Project("{FAE04EC0-301F-11D3-BF4B-00C04F79EFBC}") = "TestStudentExersises", "TestStudentExersises\TestStudentExersises.csproj", "{29CB49EA-F615-421D-948C-5F31FF2455B5}"
EndProject
Global
	GlobalSection(SolutionConfigurationPlatforms) = preSolution
		Debug|Any CPU = Debug|Any CPU
		Release|Any CPU = Release|Any CPU
	EndGlobalSection
	GlobalSection(ProjectConfigurationPlatforms) = postSolution
		{88D8B7AC-02B7-444A-8CCB-1AF6BA0025BE}.Debug|Any CPU.ActiveCfg = Debug|Any CPU
		{88D8B7AC-02B7-444A-8CCB-1AF6BA0025BE}.Debug|Any CPU.Build.0 = Debug|Any CPU
		{88D8B7AC-02B7-444A-8CCB-1AF6BA0025BE}.Release|Any CPU.ActiveCfg = Release|Any CPU
		{88D8B7AC-02B7-444A-8CCB-1AF6BA0025BE}.Release|Any CPU.Build.0 = Release|Any CPU
		{29CB49EA-F615-421D-948C-5F31FF2455B5}.Debug|Any CPU.ActiveCfg = Debug|Any CPU
		{29CB49EA-F615-421D-948C-5F31FF2455B5}.Debug|Any CPU.Build.0 = Debug|Any CPU
		{29CB49EA-F615-421D-948C-5F31FF2455B5}.Release|Any CPU.ActiveCfg = Release|Any CPU
		{29CB49EA-F615-421D-948C-5F31FF2455B5}.Release|Any CPU.Build.0 = Release|Any CPU
	EndGlobalSection
	GlobalSection(SolutionProperties) = preSolution
		HideSolutionNode = FALSE
	EndGlobalSection
	GlobalSection(ExtensibilityGlobals) = postSolution
		SolutionGuid = {10FC53BC-3640-4CDD-8F93-9F1225FF9AED}
	EndGlobalSection
EndGlobal
